# THIS IS AN AUTOGENERATED FILE. DO NOT EDIT THIS FILE DIRECTLY.
# yarn lockfile v1


idx@^2.2.0:
  version "2.5.2"
  resolved "https://registry.yarnpkg.com/idx/-/idx-2.5.2.tgz#4b405c2e6d68d04136e0a368a7ab35b9caa0595f"
  integrity sha512-MLoGF4lQU5q/RqJJjRsuid52emu7tPVtSSZaYXsqRvSjvXdBEmIwk2urvbNvPBRU9Ox9I4WYnxiz2GjhU34Lrw==

onegraph-auth@^0.2.18:
  version "0.2.18"
  resolved "https://registry.yarnpkg.com/onegraph-auth/-/onegraph-auth-0.2.18.tgz#4e901656a4ccf00c6cbfd08c37868519b3fdf2fa"
  integrity sha512-L/RN/0e/XDLwjI1OuV1GJR52ReS5pT1j1/VQuaVl4r+wg+vAUbQruzHMFJDjgzx1pM1HIOjte61RwoHWMseK2Q==
  dependencies:
    idx "^2.2.0"
    regenerator-runtime "^0.11.1"

react-onegraph@^1.0.0:
  version "1.0.0"
  resolved "https://registry.yarnpkg.com/react-onegraph/-/react-onegraph-1.0.0.tgz#0f65f3be007e750bfef17f47561e8cff7d93d7cb"
  integrity sha512-THjHy0657OJTW1YkeyA8bqjFTM90K/HbgvSLJfvUqL6T+7qANQ8QWIB+lPABmXu53f4qV1SUFkgqDb7Iu/hQgg==
  dependencies:
    onegraph-auth "^0.2.18"

regenerator-runtime@^0.11.1:
  version "0.11.1"
  resolved "https://registry.yarnpkg.com/regenerator-runtime/-/regenerator-runtime-0.11.1.tgz#be05ad7f9bf7d22e056f9726cee5017fbf19e2e9"
  integrity sha512-MguG95oij0fC3QV3URf4V2SDYGJhJnJGqvIIgdECeODCT98wSWDAJ94SSuVpYQUoTcGUIL6L4yNB7j1DFFHSBg==
